{
  "name": "jouzoukettei",
  "version": "0.1.0",
  "lockfileVersion": 3,
  "requires": true,
  "packages": {
    "": {
      "name": "jouzoukettei",
      "version": "0.1.0",
      "devDependencies": {
        "@rdkit/rdkit": "latest"
      }
    },
    "node_modules/@rdkit/rdkit": {
      "version": "2026.3.6",
      "resolved": "https://registry.npmjs.org/@rdkit/rdkit/-/rdkit-2026.3.6.tgz",
      "integrity": "sha512-JkMi2PfVjRFuy3ZCDAoTUJeTGyNsgtmq4hDUduLnnbobxsOfSydfpa6lhZGYYaisfMSEAgE1iAT95W4ZsUCMrA==",
      "dev": true,
      "license": "BSD-3-Clause"
    }
  }
}
